{
    "version": 3,
    "terraform_version": "0.11.10",
    "serial": 40,
    "lineage": "4f9128c5-f89c-e306-63b8-95d74d1dd7f7",
    "modules": [
        {
            "path": [
                "root"
            ],
            "outputs": {
                "app_external_ip": {
                    "sensitive": false,
                    "type": "string",
                    "value": "35.241.180.242"
                }
            },
            "resources": {
                "data.local_file.appuser_key": {
                    "type": "local_file",
                    "depends_on": [],
                    "primary": {
                        "id": "95864ae78325e2450e44ed2d670deda21ea53de3",
                        "attributes": {
                            "content": "ssh-rsa AAAAB3NzaC1yc2EAAAADAQABAAABAQDsGXrUaeZ3U3NMsZMIQTnRNPgqwER5fm90DRUxGfQdStumKZf2XZm3iJQ3jQpFjFR+eie+q0Hi9HTxz/dHdfHdx1vAItB/0Zf/fOtkSxAHsYvSyhPl/H5+RUV5PhXgTZojClblfoM5qM3TiWf05TUSUYVqqRsO8lMN9Riof3Rdi+8JF4tNRua0eRbzJjougETdyXWjEJKP5fIdk+x/lFeAClbHU8ZB1THEnJhNooo8zQ9CyhQVb+d3L3GGYL4SuRW70RKms1S6LjcjP10kqOlPKGk4NDndHa3WMRf4gMDJlrcJctrcyAvrihPP3OHGv//PHSeMKnGKsD7415lV0PCn\n",
                            "filename": "/Users/Radio/.ssh/appuser/id_rsa.pub",
                            "id": "95864ae78325e2450e44ed2d670deda21ea53de3"
                        },
                        "meta": {},
                        "tainted": false
                    },
                    "deposed": [],
                    "provider": "provider.local"
                },
                "google_compute_firewall.firewall_puma": {
                    "type": "google_compute_firewall",
                    "depends_on": [],
                    "primary": {
                        "id": "allow-puma-default",
                        "attributes": {
                            "allow.#": "1",
                            "allow.931060522.ports.#": "1",
                            "allow.931060522.ports.0": "9292",
                            "allow.931060522.protocol": "tcp",
                            "deny.#": "0",
                            "description": "",
                            "destination_ranges.#": "0",
                            "id": "allow-puma-default",
                            "name": "allow-puma-default",
                            "network": "https://www.googleapis.com/compute/v1/projects/infra-219513/global/networks/default",
                            "priority": "1000",
                            "project": "infra-219513",
                            "self_link": "https://www.googleapis.com/compute/v1/projects/infra-219513/global/firewalls/allow-puma-default",
                            "source_ranges.#": "1",
                            "source_ranges.1080289494": "0.0.0.0/0",
                            "source_service_accounts.#": "0",
                            "source_tags.#": "0",
                            "target_service_accounts.#": "0",
                            "target_tags.#": "1",
                            "target_tags.1799682348": "reddit-app"
                        },
                        "meta": {
                            "schema_version": "1"
                        },
                        "tainted": false
                    },
                    "deposed": [],
                    "provider": "provider.google"
                },
                "google_compute_instance.app": {
                    "type": "google_compute_instance",
                    "depends_on": [],
                    "primary": {
                        "id": "reddit-app",
                        "attributes": {
                            "attached_disk.#": "0",
                            "boot_disk.#": "1",
                            "boot_disk.0.auto_delete": "true",
                            "boot_disk.0.device_name": "persistent-disk-0",
                            "boot_disk.0.disk_encryption_key_raw": "",
                            "boot_disk.0.disk_encryption_key_sha256": "",
                            "boot_disk.0.initialize_params.#": "1",
                            "boot_disk.0.initialize_params.0.image": "reddit-base",
                            "boot_disk.0.initialize_params.0.size": "0",
                            "boot_disk.0.initialize_params.0.type": "",
                            "boot_disk.0.source": "https://www.googleapis.com/compute/v1/projects/infra-219513/zones/europe-west1-b/disks/reddit-app",
                            "can_ip_forward": "false",
                            "cpu_platform": "Intel Sandy Bridge",
                            "create_timeout": "4",
                            "guest_accelerator.#": "0",
                            "id": "reddit-app",
                            "instance_id": "426836807052965387",
                            "label_fingerprint": "42WmSpB8rSM=",
                            "machine_type": "g1-small",
                            "metadata.%": "1",
                            "metadata.ssh-keys": "appuser:ssh-rsa AAAAB3NzaC1yc2EAAAADAQABAAABAQDsGXrUaeZ3U3NMsZMIQTnRNPgqwER5fm90DRUxGfQdStumKZf2XZm3iJQ3jQpFjFR+eie+q0Hi9HTxz/dHdfHdx1vAItB/0Zf/fOtkSxAHsYvSyhPl/H5+RUV5PhXgTZojClblfoM5qM3TiWf05TUSUYVqqRsO8lMN9Riof3Rdi+8JF4tNRua0eRbzJjougETdyXWjEJKP5fIdk+x/lFeAClbHU8ZB1THEnJhNooo8zQ9CyhQVb+d3L3GGYL4SuRW70RKms1S6LjcjP10kqOlPKGk4NDndHa3WMRf4gMDJlrcJctrcyAvrihPP3OHGv//PHSeMKnGKsD7415lV0PCn\n",
                            "metadata_fingerprint": "huP_iRfE158=",
                            "min_cpu_platform": "",
                            "name": "reddit-app",
                            "network_interface.#": "1",
                            "network_interface.0.access_config.#": "1",
                            "network_interface.0.access_config.0.assigned_nat_ip": "35.241.180.242",
                            "network_interface.0.access_config.0.nat_ip": "35.241.180.242",
                            "network_interface.0.address": "10.132.0.2",
                            "network_interface.0.alias_ip_range.#": "0",
                            "network_interface.0.name": "nic0",
                            "network_interface.0.network": "https://www.googleapis.com/compute/v1/projects/infra-219513/global/networks/default",
                            "network_interface.0.network_ip": "10.132.0.2",
                            "network_interface.0.subnetwork": "https://www.googleapis.com/compute/v1/projects/infra-219513/regions/europe-west1/subnetworks/default",
                            "network_interface.0.subnetwork_project": "infra-219513",
                            "project": "infra-219513",
                            "scheduling.#": "1",
                            "scheduling.0.automatic_restart": "true",
                            "scheduling.0.on_host_maintenance": "MIGRATE",
                            "scheduling.0.preemptible": "false",
                            "scratch_disk.#": "0",
                            "self_link": "https://www.googleapis.com/compute/v1/projects/infra-219513/zones/europe-west1-b/instances/reddit-app",
                            "service_account.#": "0",
                            "tags.#": "1",
                            "tags.1799682348": "reddit-app",
                            "tags_fingerprint": "M-ggixIz-AU=",
                            "zone": "europe-west1-b"
                        },
                        "meta": {
                            "schema_version": "6"
                        },
                        "tainted": false
                    },
                    "deposed": [],
                    "provider": "provider.google"
                },
                "google_compute_project_metadata.add_keys": {
                    "type": "google_compute_project_metadata",
                    "depends_on": [
                        "data.local_file.appuser_key"
                    ],
                    "primary": {
                        "id": "common_metadata",
                        "attributes": {
                            "id": "common_metadata",
                            "metadata.%": "1",
                            "metadata.ssh-keys": "    appuser1:ssh-rsa AAAAB3NzaC1yc2EAAAADAQABAAABAQDsGXrUaeZ3U3NMsZMIQTnRNPgqwER5fm90DRUxGfQdStumKZf2XZm3iJQ3jQpFjFR+eie+q0Hi9HTxz/dHdfHdx1vAItB/0Zf/fOtkSxAHsYvSyhPl/H5+RUV5PhXgTZojClblfoM5qM3TiWf05TUSUYVqqRsO8lMN9Riof3Rdi+8JF4tNRua0eRbzJjougETdyXWjEJKP5fIdk+x/lFeAClbHU8ZB1THEnJhNooo8zQ9CyhQVb+d3L3GGYL4SuRW70RKms1S6LjcjP10kqOlPKGk4NDndHa3WMRf4gMDJlrcJctrcyAvrihPP3OHGv//PHSeMKnGKsD7415lV0PCn appuser1@MacBook-Pro-Radio.local\n    appuser2:ssh-rsa AAAAB3NzaC1yc2EAAAADAQABAAABAQDsGXrUaeZ3U3NMsZMIQTnRNPgqwER5fm90DRUxGfQdStumKZf2XZm3iJQ3jQpFjFR+eie+q0Hi9HTxz/dHdfHdx1vAItB/0Zf/fOtkSxAHsYvSyhPl/H5+RUV5PhXgTZojClblfoM5qM3TiWf05TUSUYVqqRsO8lMN9Riof3Rdi+8JF4tNRua0eRbzJjougETdyXWjEJKP5fIdk+x/lFeAClbHU8ZB1THEnJhNooo8zQ9CyhQVb+d3L3GGYL4SuRW70RKms1S6LjcjP10kqOlPKGk4NDndHa3WMRf4gMDJlrcJctrcyAvrihPP3OHGv//PHSeMKnGKsD7415lV0PCn appuser2@MacBook-Pro-Radio.local\n    appuser3:ssh-rsa AAAAB3NzaC1yc2EAAAADAQABAAABAQDsGXrUaeZ3U3NMsZMIQTnRNPgqwER5fm90DRUxGfQdStumKZf2XZm3iJQ3jQpFjFR+eie+q0Hi9HTxz/dHdfHdx1vAItB/0Zf/fOtkSxAHsYvSyhPl/H5+RUV5PhXgTZojClblfoM5qM3TiWf05TUSUYVqqRsO8lMN9Riof3Rdi+8JF4tNRua0eRbzJjougETdyXWjEJKP5fIdk+x/lFeAClbHU8ZB1THEnJhNooo8zQ9CyhQVb+d3L3GGYL4SuRW70RKms1S6LjcjP10kqOlPKGk4NDndHa3WMRf4gMDJlrcJctrcyAvrihPP3OHGv//PHSeMKnGKsD7415lV0PCn  appuser3@MacBook-Pro-Radio.local\n    Radio:ssh-rsa AAAAB3NzaC1yc2EAAAADAQABAAABAQDsGXrUaeZ3U3NMsZMIQTnRNPgqwER5fm90DRUxGfQdStumKZf2XZm3iJQ3jQpFjFR+eie+q0Hi9HTxz/dHdfHdx1vAItB/0Zf/fOtkSxAHsYvSyhPl/H5+RUV5PhXgTZojClblfoM5qM3TiWf05TUSUYVqqRsO8lMN9Riof3Rdi+8JF4tNRua0eRbzJjougETdyXWjEJKP5fIdk+x/lFeAClbHU8ZB1THEnJhNooo8zQ9CyhQVb+d3L3GGYL4SuRW70RKms1S6LjcjP10kqOlPKGk4NDndHa3WMRf4gMDJlrcJctrcyAvrihPP3OHGv//PHSeMKnGKsD7415lV0PCn Radio@MacBook-Pro-Radio.local\n    ",
                            "project": "infra-219513"
                        },
                        "meta": {},
                        "tainted": false
                    },
                    "deposed": [],
                    "provider": "provider.google"
                }
            },
            "depends_on": []
        }
    ]
}
