{
    "version": 3,
    "terraform_version": "0.11.10",
    "serial": 48,
    "lineage": "4f9128c5-f89c-e306-63b8-95d74d1dd7f7",
    "modules": [
        {
            "path": [
                "root"
            ],
            "outputs": {
                "app_external_ip": {
                    "sensitive": false,
                    "type": "list",
                    "value": [
                        "35.241.180.242",
                        "35.233.9.252"
                    ]
                }
            },
            "resources": {
                "data.local_file.appuser_key": {
                    "type": "local_file",
                    "depends_on": [],
                    "primary": {
                        "id": "95864ae78325e2450e44ed2d670deda21ea53de3",
                        "attributes": {
                            "content": "ssh-rsa AAAAB3NzaC1yc2EAAAADAQABAAABAQDsGXrUaeZ3U3NMsZMIQTnRNPgqwER5fm90DRUxGfQdStumKZf2XZm3iJQ3jQpFjFR+eie+q0Hi9HTxz/dHdfHdx1vAItB/0Zf/fOtkSxAHsYvSyhPl/H5+RUV5PhXgTZojClblfoM5qM3TiWf05TUSUYVqqRsO8lMN9Riof3Rdi+8JF4tNRua0eRbzJjougETdyXWjEJKP5fIdk+x/lFeAClbHU8ZB1THEnJhNooo8zQ9CyhQVb+d3L3GGYL4SuRW70RKms1S6LjcjP10kqOlPKGk4NDndHa3WMRf4gMDJlrcJctrcyAvrihPP3OHGv//PHSeMKnGKsD7415lV0PCn\n",
                            "filename": "/Users/Radio/.ssh/appuser/id_rsa.pub",
                            "id": "95864ae78325e2450e44ed2d670deda21ea53de3"
                        },
                        "meta": {},
                        "tainted": false
                    },
                    "deposed": [],
                    "provider": "provider.local"
                },
                "google_compute_backend_service.reddit_backend": {
                    "type": "google_compute_backend_service",
                    "depends_on": [
                        "google_compute_http_health_check.reddit_health_check",
                        "google_compute_instance_group.reddit_app_group"
                    ],
                    "primary": {
                        "id": "reqweq",
                        "attributes": {
                            "backend.#": "1",
                            "backend.2594031539.balancing_mode": "UTILIZATION",
                            "backend.2594031539.capacity_scaler": "1",
                            "backend.2594031539.description": "",
                            "backend.2594031539.group": "https://www.googleapis.com/compute/v1/projects/infra-219513/zones/europe-west1-b/instanceGroups/reddit-app-inst-group-name",
                            "backend.2594031539.max_rate": "0",
                            "backend.2594031539.max_rate_per_instance": "0",
                            "backend.2594031539.max_utilization": "0.8",
                            "connection_draining_timeout_sec": "300",
                            "description": "",
                            "enable_cdn": "false",
                            "fingerprint": "-Ig1x7AaTlI=",
                            "health_checks.#": "1",
                            "health_checks.535909505": "https://www.googleapis.com/compute/v1/projects/infra-219513/global/httpHealthChecks/reddit-app-health",
                            "id": "reqweq",
                            "name": "reqweq",
                            "port_name": "puma-9292",
                            "project": "infra-219513",
                            "protocol": "HTTP",
                            "self_link": "https://www.googleapis.com/compute/v1/projects/infra-219513/global/backendServices/reqweq",
                            "session_affinity": "NONE",
                            "timeout_sec": "5"
                        },
                        "meta": {
                            "schema_version": "1"
                        },
                        "tainted": false
                    },
                    "deposed": [],
                    "provider": "provider.google"
                },
                "google_compute_firewall.firewall_puma": {
                    "type": "google_compute_firewall",
                    "depends_on": [],
                    "primary": {
                        "id": "allow-puma-default",
                        "attributes": {
                            "allow.#": "1",
                            "allow.931060522.ports.#": "1",
                            "allow.931060522.ports.0": "9292",
                            "allow.931060522.protocol": "tcp",
                            "deny.#": "0",
                            "description": "",
                            "destination_ranges.#": "0",
                            "id": "allow-puma-default",
                            "name": "allow-puma-default",
                            "network": "https://www.googleapis.com/compute/v1/projects/infra-219513/global/networks/default",
                            "priority": "1000",
                            "project": "infra-219513",
                            "self_link": "https://www.googleapis.com/compute/v1/projects/infra-219513/global/firewalls/allow-puma-default",
                            "source_ranges.#": "1",
                            "source_ranges.1080289494": "0.0.0.0/0",
                            "source_service_accounts.#": "0",
                            "source_tags.#": "0",
                            "target_service_accounts.#": "0",
                            "target_tags.#": "1",
                            "target_tags.1799682348": "reddit-app"
                        },
                        "meta": {
                            "schema_version": "1"
                        },
                        "tainted": false
                    },
                    "deposed": [],
                    "provider": "provider.google"
                },
                "google_compute_global_forwarding_rule.reddit_forwarding_rule": {
                    "type": "google_compute_global_forwarding_rule",
                    "depends_on": [
                        "google_compute_target_http_proxy.reddit_http_proxy"
                    ],
                    "primary": {
                        "id": "redditfwrule",
                        "attributes": {
                            "description": "",
                            "id": "redditfwrule",
                            "ip_address": "35.190.87.27",
                            "ip_protocol": "TCP",
                            "ip_version": "",
                            "label_fingerprint": "",
                            "labels.%": "0",
                            "name": "redditfwrule",
                            "port_range": "80-80",
                            "project": "infra-219513",
                            "self_link": "https://www.googleapis.com/compute/v1/projects/infra-219513/global/forwardingRules/redditfwrule",
                            "target": "https://www.googleapis.com/compute/v1/projects/infra-219513/global/targetHttpProxies/redditproxy"
                        },
                        "meta": {},
                        "tainted": false
                    },
                    "deposed": [],
                    "provider": "provider.google"
                },
                "google_compute_http_health_check.reddit_health_check": {
                    "type": "google_compute_http_health_check",
                    "depends_on": [],
                    "primary": {
                        "id": "reddit-app-health",
                        "attributes": {
                            "check_interval_sec": "1",
                            "description": "",
                            "healthy_threshold": "2",
                            "host": "",
                            "id": "reddit-app-health",
                            "name": "reddit-app-health",
                            "port": "9292",
                            "project": "infra-219513",
                            "request_path": "/",
                            "self_link": "https://www.googleapis.com/compute/v1/projects/infra-219513/global/httpHealthChecks/reddit-app-health",
                            "timeout_sec": "1",
                            "unhealthy_threshold": "2"
                        },
                        "meta": {},
                        "tainted": false
                    },
                    "deposed": [],
                    "provider": "provider.google"
                },
                "google_compute_instance.app.0": {
                    "type": "google_compute_instance",
                    "depends_on": [],
                    "primary": {
                        "id": "reddit-app-1",
                        "attributes": {
                            "attached_disk.#": "0",
                            "boot_disk.#": "1",
                            "boot_disk.0.auto_delete": "true",
                            "boot_disk.0.device_name": "persistent-disk-0",
                            "boot_disk.0.disk_encryption_key_raw": "",
                            "boot_disk.0.disk_encryption_key_sha256": "",
                            "boot_disk.0.initialize_params.#": "1",
                            "boot_disk.0.initialize_params.0.image": "reddit-base",
                            "boot_disk.0.initialize_params.0.size": "0",
                            "boot_disk.0.initialize_params.0.type": "",
                            "boot_disk.0.source": "https://www.googleapis.com/compute/v1/projects/infra-219513/zones/europe-west1-b/disks/reddit-app-1",
                            "can_ip_forward": "false",
                            "cpu_platform": "Intel Sandy Bridge",
                            "create_timeout": "4",
                            "guest_accelerator.#": "0",
                            "id": "reddit-app-1",
                            "instance_id": "7116423669663142785",
                            "label_fingerprint": "42WmSpB8rSM=",
                            "machine_type": "g1-small",
                            "metadata.%": "1",
                            "metadata.ssh-keys": "appuser:ssh-rsa AAAAB3NzaC1yc2EAAAADAQABAAABAQDsGXrUaeZ3U3NMsZMIQTnRNPgqwER5fm90DRUxGfQdStumKZf2XZm3iJQ3jQpFjFR+eie+q0Hi9HTxz/dHdfHdx1vAItB/0Zf/fOtkSxAHsYvSyhPl/H5+RUV5PhXgTZojClblfoM5qM3TiWf05TUSUYVqqRsO8lMN9Riof3Rdi+8JF4tNRua0eRbzJjougETdyXWjEJKP5fIdk+x/lFeAClbHU8ZB1THEnJhNooo8zQ9CyhQVb+d3L3GGYL4SuRW70RKms1S6LjcjP10kqOlPKGk4NDndHa3WMRf4gMDJlrcJctrcyAvrihPP3OHGv//PHSeMKnGKsD7415lV0PCn\n",
                            "metadata_fingerprint": "huP_iRfE158=",
                            "min_cpu_platform": "",
                            "name": "reddit-app-1",
                            "network_interface.#": "1",
                            "network_interface.0.access_config.#": "1",
                            "network_interface.0.access_config.0.assigned_nat_ip": "35.241.180.242",
                            "network_interface.0.access_config.0.nat_ip": "35.241.180.242",
                            "network_interface.0.address": "10.132.0.3",
                            "network_interface.0.alias_ip_range.#": "0",
                            "network_interface.0.name": "nic0",
                            "network_interface.0.network": "https://www.googleapis.com/compute/v1/projects/infra-219513/global/networks/default",
                            "network_interface.0.network_ip": "10.132.0.3",
                            "network_interface.0.subnetwork": "https://www.googleapis.com/compute/v1/projects/infra-219513/regions/europe-west1/subnetworks/default",
                            "network_interface.0.subnetwork_project": "infra-219513",
                            "project": "infra-219513",
                            "scheduling.#": "1",
                            "scheduling.0.automatic_restart": "true",
                            "scheduling.0.on_host_maintenance": "MIGRATE",
                            "scheduling.0.preemptible": "false",
                            "scratch_disk.#": "0",
                            "self_link": "https://www.googleapis.com/compute/v1/projects/infra-219513/zones/europe-west1-b/instances/reddit-app-1",
                            "service_account.#": "0",
                            "tags.#": "1",
                            "tags.1799682348": "reddit-app",
                            "tags_fingerprint": "M-ggixIz-AU=",
                            "zone": "europe-west1-b"
                        },
                        "meta": {
                            "schema_version": "6"
                        },
                        "tainted": false
                    },
                    "deposed": [],
                    "provider": "provider.google"
                },
                "google_compute_instance.app.1": {
                    "type": "google_compute_instance",
                    "depends_on": [],
                    "primary": {
                        "id": "reddit-app-2",
                        "attributes": {
                            "attached_disk.#": "0",
                            "boot_disk.#": "1",
                            "boot_disk.0.auto_delete": "true",
                            "boot_disk.0.device_name": "persistent-disk-0",
                            "boot_disk.0.disk_encryption_key_raw": "",
                            "boot_disk.0.disk_encryption_key_sha256": "",
                            "boot_disk.0.initialize_params.#": "1",
                            "boot_disk.0.initialize_params.0.image": "reddit-base",
                            "boot_disk.0.initialize_params.0.size": "0",
                            "boot_disk.0.initialize_params.0.type": "",
                            "boot_disk.0.source": "https://www.googleapis.com/compute/v1/projects/infra-219513/zones/europe-west1-b/disks/reddit-app-2",
                            "can_ip_forward": "false",
                            "cpu_platform": "Intel Sandy Bridge",
                            "create_timeout": "4",
                            "guest_accelerator.#": "0",
                            "id": "reddit-app-2",
                            "instance_id": "814986483494818689",
                            "label_fingerprint": "42WmSpB8rSM=",
                            "machine_type": "g1-small",
                            "metadata.%": "1",
                            "metadata.ssh-keys": "appuser:ssh-rsa AAAAB3NzaC1yc2EAAAADAQABAAABAQDsGXrUaeZ3U3NMsZMIQTnRNPgqwER5fm90DRUxGfQdStumKZf2XZm3iJQ3jQpFjFR+eie+q0Hi9HTxz/dHdfHdx1vAItB/0Zf/fOtkSxAHsYvSyhPl/H5+RUV5PhXgTZojClblfoM5qM3TiWf05TUSUYVqqRsO8lMN9Riof3Rdi+8JF4tNRua0eRbzJjougETdyXWjEJKP5fIdk+x/lFeAClbHU8ZB1THEnJhNooo8zQ9CyhQVb+d3L3GGYL4SuRW70RKms1S6LjcjP10kqOlPKGk4NDndHa3WMRf4gMDJlrcJctrcyAvrihPP3OHGv//PHSeMKnGKsD7415lV0PCn\n",
                            "metadata_fingerprint": "huP_iRfE158=",
                            "min_cpu_platform": "",
                            "name": "reddit-app-2",
                            "network_interface.#": "1",
                            "network_interface.0.access_config.#": "1",
                            "network_interface.0.access_config.0.assigned_nat_ip": "35.233.9.252",
                            "network_interface.0.access_config.0.nat_ip": "35.233.9.252",
                            "network_interface.0.address": "10.132.0.2",
                            "network_interface.0.alias_ip_range.#": "0",
                            "network_interface.0.name": "nic0",
                            "network_interface.0.network": "https://www.googleapis.com/compute/v1/projects/infra-219513/global/networks/default",
                            "network_interface.0.network_ip": "10.132.0.2",
                            "network_interface.0.subnetwork": "https://www.googleapis.com/compute/v1/projects/infra-219513/regions/europe-west1/subnetworks/default",
                            "network_interface.0.subnetwork_project": "infra-219513",
                            "project": "infra-219513",
                            "scheduling.#": "1",
                            "scheduling.0.automatic_restart": "true",
                            "scheduling.0.on_host_maintenance": "MIGRATE",
                            "scheduling.0.preemptible": "false",
                            "scratch_disk.#": "0",
                            "self_link": "https://www.googleapis.com/compute/v1/projects/infra-219513/zones/europe-west1-b/instances/reddit-app-2",
                            "service_account.#": "0",
                            "tags.#": "1",
                            "tags.1799682348": "reddit-app",
                            "tags_fingerprint": "M-ggixIz-AU=",
                            "zone": "europe-west1-b"
                        },
                        "meta": {
                            "schema_version": "6"
                        },
                        "tainted": false
                    },
                    "deposed": [],
                    "provider": "provider.google"
                },
                "google_compute_instance_group.reddit_app_group": {
                    "type": "google_compute_instance_group",
                    "depends_on": [
                        "google_compute_instance.app.*"
                    ],
                    "primary": {
                        "id": "europe-west1-b/reddit-app-inst-group-name",
                        "attributes": {
                            "description": "",
                            "id": "europe-west1-b/reddit-app-inst-group-name",
                            "instances.#": "2",
                            "instances.200387838": "https://www.googleapis.com/compute/v1/projects/infra-219513/zones/europe-west1-b/instances/reddit-app-2",
                            "instances.2465791300": "https://www.googleapis.com/compute/v1/projects/infra-219513/zones/europe-west1-b/instances/reddit-app-1",
                            "name": "reddit-app-inst-group-name",
                            "named_port.#": "1",
                            "named_port.0.name": "puma-9292",
                            "named_port.0.port": "9292",
                            "network": "https://www.googleapis.com/compute/v1/projects/infra-219513/global/networks/default",
                            "project": "infra-219513",
                            "self_link": "https://www.googleapis.com/compute/v1/projects/infra-219513/zones/europe-west1-b/instanceGroups/reddit-app-inst-group-name",
                            "size": "2",
                            "zone": "europe-west1-b"
                        },
                        "meta": {
                            "schema_version": "2"
                        },
                        "tainted": false
                    },
                    "deposed": [],
                    "provider": "provider.google"
                },
                "google_compute_project_metadata.add_keys": {
                    "type": "google_compute_project_metadata",
                    "depends_on": [
                        "data.local_file.appuser_key"
                    ],
                    "primary": {
                        "id": "common_metadata",
                        "attributes": {
                            "id": "common_metadata",
                            "metadata.%": "1",
                            "metadata.ssh-keys": "Radio:ssh-rsa AAAAB3NzaC1yc2EAAAADAQABAAABAQDsGXrUaeZ3U3NMsZMIQTnRNPgqwER5fm90DRUxGfQdStumKZf2XZm3iJQ3jQpFjFR+eie+q0Hi9HTxz/dHdfHdx1vAItB/0Zf/fOtkSxAHsYvSyhPl/H5+RUV5PhXgTZojClblfoM5qM3TiWf05TUSUYVqqRsO8lMN9Riof3Rdi+8JF4tNRua0eRbzJjougETdyXWjEJKP5fIdk+x/lFeAClbHU8ZB1THEnJhNooo8zQ9CyhQVb+d3L3GGYL4SuRW70RKms1S6LjcjP10kqOlPKGk4NDndHa3WMRf4gMDJlrcJctrcyAvrihPP3OHGv//PHSeMKnGKsD7415lV0PCn Radio@MacBook-Pro-Radio.local",
                            "project": "infra-219513"
                        },
                        "meta": {},
                        "tainted": false
                    },
                    "deposed": [],
                    "provider": "provider.google"
                },
                "google_compute_target_http_proxy.reddit_http_proxy": {
                    "type": "google_compute_target_http_proxy",
                    "depends_on": [
                        "google_compute_url_map.reddit_url_map"
                    ],
                    "primary": {
                        "id": "redditproxy",
                        "attributes": {
                            "description": "",
                            "id": "redditproxy",
                            "name": "redditproxy",
                            "project": "infra-219513",
                            "proxy_id": "5164932788267546881",
                            "self_link": "https://www.googleapis.com/compute/v1/projects/infra-219513/global/targetHttpProxies/redditproxy",
                            "url_map": "https://www.googleapis.com/compute/v1/projects/infra-219513/global/urlMaps/redditmap"
                        },
                        "meta": {},
                        "tainted": false
                    },
                    "deposed": [],
                    "provider": "provider.google"
                },
                "google_compute_url_map.reddit_url_map": {
                    "type": "google_compute_url_map",
                    "depends_on": [
                        "google_compute_backend_service.reddit_backend"
                    ],
                    "primary": {
                        "id": "redditmap",
                        "attributes": {
                            "default_service": "https://www.googleapis.com/compute/v1/projects/infra-219513/global/backendServices/reqweq",
                            "description": "url map for reddit ",
                            "fingerprint": "vsPkFIr86qg=",
                            "host_rule.#": "0",
                            "id": "redditmap",
                            "map_id": "8192855835407579535",
                            "name": "redditmap",
                            "path_matcher.#": "0",
                            "project": "infra-219513",
                            "self_link": "https://www.googleapis.com/compute/v1/projects/infra-219513/global/urlMaps/redditmap",
                            "test.#": "0"
                        },
                        "meta": {},
                        "tainted": false
                    },
                    "deposed": [],
                    "provider": "provider.google"
                }
            },
            "depends_on": []
        }
    ]
}
